// !$*UTF8*$!
{
	archiveVersion = 1;
	classes = {
	};
	objectVersion = 56;
	objects = {

/* Begin PBXBuildFile section */
		D74BC4282B6E914400440027 /* FavoriteCell.swift in Sources */ = {isa = PBXBuildFile; fileRef = D74BC4272B6E914400440027 /* FavoriteCell.swift */; };
		D74BC42B2B6EBDAF00440027 /* PodcastSwift.xcdatamodeld in Sources */ = {isa = PBXBuildFile; fileRef = D74BC4292B6EBDAF00440027 /* PodcastSwift.xcdatamodeld */; };
		D74BC42D2B6EE26000440027 /* CoreData+Helpers.swift in Sources */ = {isa = PBXBuildFile; fileRef = D74BC42C2B6EE26000440027 /* CoreData+Helpers.swift */; };
		D74BC42F2B6EED2C00440027 /* FavoriteCellViewModel.swift in Sources */ = {isa = PBXBuildFile; fileRef = D74BC42E2B6EED2C00440027 /* FavoriteCellViewModel.swift */; };
		D74BC4312B73F80700440027 /* UserDefaults+Helpers.swift in Sources */ = {isa = PBXBuildFile; fileRef = D74BC4302B73F80700440027 /* UserDefaults+Helpers.swift */; };
		D7E8278F2B659FF1007AF876 /* AppDelegate.swift in Sources */ = {isa = PBXBuildFile; fileRef = D7E8278E2B659FF1007AF876 /* AppDelegate.swift */; };
		D7E827912B659FF1007AF876 /* SceneDelegate.swift in Sources */ = {isa = PBXBuildFile; fileRef = D7E827902B659FF1007AF876 /* SceneDelegate.swift */; };
		D7E827982B659FF4007AF876 /* Assets.xcassets in Resources */ = {isa = PBXBuildFile; fileRef = D7E827972B659FF4007AF876 /* Assets.xcassets */; };
		D7E8279B2B659FF4007AF876 /* LaunchScreen.storyboard in Resources */ = {isa = PBXBuildFile; fileRef = D7E827992B659FF4007AF876 /* LaunchScreen.storyboard */; };
		D7E827A62B65A351007AF876 /* MainTabBarController.swift in Sources */ = {isa = PBXBuildFile; fileRef = D7E827A52B65A351007AF876 /* MainTabBarController.swift */; };
		D7E827A82B65A528007AF876 /* FavoriteViewController.swift in Sources */ = {isa = PBXBuildFile; fileRef = D7E827A72B65A528007AF876 /* FavoriteViewController.swift */; };
		D7E827AA2B65A535007AF876 /* SearchViewController.swift in Sources */ = {isa = PBXBuildFile; fileRef = D7E827A92B65A535007AF876 /* SearchViewController.swift */; };
		D7E827AC2B65A541007AF876 /* DownloadsViewController.swift in Sources */ = {isa = PBXBuildFile; fileRef = D7E827AB2B65A541007AF876 /* DownloadsViewController.swift */; };
		D7E827AF2B692D86007AF876 /* Alamofire in Frameworks */ = {isa = PBXBuildFile; productRef = D7E827AE2B692D86007AF876 /* Alamofire */; };
		D7E827B22B696096007AF876 /* SearchCell.swift in Sources */ = {isa = PBXBuildFile; fileRef = D7E827B12B696096007AF876 /* SearchCell.swift */; };
		D7E827B52B696813007AF876 /* Search.swift in Sources */ = {isa = PBXBuildFile; fileRef = D7E827B42B696813007AF876 /* Search.swift */; };
		D7E827B82B6968D2007AF876 /* SearchService.swift in Sources */ = {isa = PBXBuildFile; fileRef = D7E827B72B6968D2007AF876 /* SearchService.swift */; };
		D7E827BB2B69741B007AF876 /* Kingfisher in Frameworks */ = {isa = PBXBuildFile; productRef = D7E827BA2B69741B007AF876 /* Kingfisher */; };
		D7E827BE2B698633007AF876 /* SearchViewModel.swift in Sources */ = {isa = PBXBuildFile; fileRef = D7E827BD2B698633007AF876 /* SearchViewModel.swift */; };
		D7E827C02B6ADBE3007AF876 /* EpisodeViewController.swift in Sources */ = {isa = PBXBuildFile; fileRef = D7E827BF2B6ADBE3007AF876 /* EpisodeViewController.swift */; };
		D7E827C22B6ADD2C007AF876 /* EpisodeCell.swift in Sources */ = {isa = PBXBuildFile; fileRef = D7E827C12B6ADD2C007AF876 /* EpisodeCell.swift */; };
		D7E827C52B6AE39B007AF876 /* FeedKit in Frameworks */ = {isa = PBXBuildFile; productRef = D7E827C42B6AE39B007AF876 /* FeedKit */; };
		D7E827C82B6AE3C3007AF876 /* EpisodeService.swift in Sources */ = {isa = PBXBuildFile; fileRef = D7E827C72B6AE3C3007AF876 /* EpisodeService.swift */; };
		D7E827CB2B6AEFF1007AF876 /* Extension.swift in Sources */ = {isa = PBXBuildFile; fileRef = D7E827CA2B6AEFF1007AF876 /* Extension.swift */; };
		D7E827CD2B6AF7F4007AF876 /* Episode.swift in Sources */ = {isa = PBXBuildFile; fileRef = D7E827CC2B6AF7F4007AF876 /* Episode.swift */; };
		D7E827CF2B6AFFCB007AF876 /* EpisodeViewModel.swift in Sources */ = {isa = PBXBuildFile; fileRef = D7E827CE2B6AFFCB007AF876 /* EpisodeViewModel.swift */; };
		D7E827D22B6C31DC007AF876 /* PlayerViewController.swift in Sources */ = {isa = PBXBuildFile; fileRef = D7E827D12B6C31DC007AF876 /* PlayerViewController.swift */; };
/* End PBXBuildFile section */

/* Begin PBXFileReference section */
		D74BC4272B6E914400440027 /* FavoriteCell.swift */ = {isa = PBXFileReference; lastKnownFileType = sourcecode.swift; path = FavoriteCell.swift; sourceTree = "<group>"; };
		D74BC42A2B6EBDAF00440027 /* PodcastSwift.xcdatamodel */ = {isa = PBXFileReference; lastKnownFileType = wrapper.xcdatamodel; path = PodcastSwift.xcdatamodel; sourceTree = "<group>"; };
		D74BC42C2B6EE26000440027 /* CoreData+Helpers.swift */ = {isa = PBXFileReference; lastKnownFileType = sourcecode.swift; path = "CoreData+Helpers.swift"; sourceTree = "<group>"; };
		D74BC42E2B6EED2C00440027 /* FavoriteCellViewModel.swift */ = {isa = PBXFileReference; lastKnownFileType = sourcecode.swift; path = FavoriteCellViewModel.swift; sourceTree = "<group>"; };
		D74BC4302B73F80700440027 /* UserDefaults+Helpers.swift */ = {isa = PBXFileReference; lastKnownFileType = sourcecode.swift; path = "UserDefaults+Helpers.swift"; sourceTree = "<group>"; };
		D7E8278B2B659FF1007AF876 /* PodcastSwift.app */ = {isa = PBXFileReference; explicitFileType = wrapper.application; includeInIndex = 0; path = PodcastSwift.app; sourceTree = BUILT_PRODUCTS_DIR; };
		D7E8278E2B659FF1007AF876 /* AppDelegate.swift */ = {isa = PBXFileReference; lastKnownFileType = sourcecode.swift; path = AppDelegate.swift; sourceTree = "<group>"; };
		D7E827902B659FF1007AF876 /* SceneDelegate.swift */ = {isa = PBXFileReference; lastKnownFileType = sourcecode.swift; path = SceneDelegate.swift; sourceTree = "<group>"; };
		D7E827972B659FF4007AF876 /* Assets.xcassets */ = {isa = PBXFileReference; lastKnownFileType = folder.assetcatalog; path = Assets.xcassets; sourceTree = "<group>"; };
		D7E8279A2B659FF4007AF876 /* Base */ = {isa = PBXFileReference; lastKnownFileType = file.storyboard; name = Base; path = Base.lproj/LaunchScreen.storyboard; sourceTree = "<group>"; };
		D7E8279C2B659FF4007AF876 /* Info.plist */ = {isa = PBXFileReference; lastKnownFileType = text.plist.xml; path = Info.plist; sourceTree = "<group>"; };
		D7E827A52B65A351007AF876 /* MainTabBarController.swift */ = {isa = PBXFileReference; lastKnownFileType = sourcecode.swift; path = MainTabBarController.swift; sourceTree = "<group>"; };
		D7E827A72B65A528007AF876 /* FavoriteViewController.swift */ = {isa = PBXFileReference; lastKnownFileType = sourcecode.swift; path = FavoriteViewController.swift; sourceTree = "<group>"; };
		D7E827A92B65A535007AF876 /* SearchViewController.swift */ = {isa = PBXFileReference; lastKnownFileType = sourcecode.swift; path = SearchViewController.swift; sourceTree = "<group>"; };
		D7E827AB2B65A541007AF876 /* DownloadsViewController.swift */ = {isa = PBXFileReference; lastKnownFileType = sourcecode.swift; path = DownloadsViewController.swift; sourceTree = "<group>"; };
		D7E827B12B696096007AF876 /* SearchCell.swift */ = {isa = PBXFileReference; lastKnownFileType = sourcecode.swift; path = SearchCell.swift; sourceTree = "<group>"; };
		D7E827B42B696813007AF876 /* Search.swift */ = {isa = PBXFileReference; lastKnownFileType = sourcecode.swift; path = Search.swift; sourceTree = "<group>"; };
		D7E827B72B6968D2007AF876 /* SearchService.swift */ = {isa = PBXFileReference; lastKnownFileType = sourcecode.swift; path = SearchService.swift; sourceTree = "<group>"; };
		D7E827BD2B698633007AF876 /* SearchViewModel.swift */ = {isa = PBXFileReference; lastKnownFileType = sourcecode.swift; path = SearchViewModel.swift; sourceTree = "<group>"; };
		D7E827BF2B6ADBE3007AF876 /* EpisodeViewController.swift */ = {isa = PBXFileReference; lastKnownFileType = sourcecode.swift; path = EpisodeViewController.swift; sourceTree = "<group>"; };
		D7E827C12B6ADD2C007AF876 /* EpisodeCell.swift */ = {isa = PBXFileReference; lastKnownFileType = sourcecode.swift; path = EpisodeCell.swift; sourceTree = "<group>"; };
		D7E827C72B6AE3C3007AF876 /* EpisodeService.swift */ = {isa = PBXFileReference; lastKnownFileType = sourcecode.swift; path = EpisodeService.swift; sourceTree = "<group>"; };
		D7E827CA2B6AEFF1007AF876 /* Extension.swift */ = {isa = PBXFileReference; lastKnownFileType = sourcecode.swift; path = Extension.swift; sourceTree = "<group>"; };
		D7E827CC2B6AF7F4007AF876 /* Episode.swift */ = {isa = PBXFileReference; lastKnownFileType = sourcecode.swift; path = Episode.swift; sourceTree = "<group>"; };
		D7E827CE2B6AFFCB007AF876 /* EpisodeViewModel.swift */ = {isa = PBXFileReference; lastKnownFileType = sourcecode.swift; path = EpisodeViewModel.swift; sourceTree = "<group>"; };
		D7E827D12B6C31DC007AF876 /* PlayerViewController.swift */ = {isa = PBXFileReference; lastKnownFileType = sourcecode.swift; path = PlayerViewController.swift; sourceTree = "<group>"; };
/* End PBXFileReference section */

/* Begin PBXFrameworksBuildPhase section */
		D7E827882B659FF0007AF876 /* Frameworks */ = {
			isa = PBXFrameworksBuildPhase;
			buildActionMask = 2147483647;
			files = (
				D7E827C52B6AE39B007AF876 /* FeedKit in Frameworks */,
				D7E827BB2B69741B007AF876 /* Kingfisher in Frameworks */,
				D7E827AF2B692D86007AF876 /* Alamofire in Frameworks */,
			);
			runOnlyForDeploymentPostprocessing = 0;
		};
/* End PBXFrameworksBuildPhase section */

/* Begin PBXGroup section */
		D7E827822B659FF0007AF876 = {
			isa = PBXGroup;
			children = (
				D7E8278D2B659FF1007AF876 /* PodcastSwift */,
				D7E8278C2B659FF1007AF876 /* Products */,
			);
			sourceTree = "<group>";
		};
		D7E8278C2B659FF1007AF876 /* Products */ = {
			isa = PBXGroup;
			children = (
				D7E8278B2B659FF1007AF876 /* PodcastSwift.app */,
			);
			name = Products;
			sourceTree = "<group>";
		};
		D7E8278D2B659FF1007AF876 /* PodcastSwift */ = {
			isa = PBXGroup;
			children = (
				D7E827C92B6AEFCC007AF876 /* Helpers */,
				D7E827BC2B69861F007AF876 /* ViewModel */,
				D7E827B62B6968AF007AF876 /* Service(Api) */,
				D7E827B32B6967FD007AF876 /* Model */,
				D7E827B02B69607F007AF876 /* View */,
				D7E827A42B65A04D007AF876 /*  Files */,
				D7E827A32B65A02F007AF876 /* Controller */,
			);
			path = PodcastSwift;
			sourceTree = "<group>";
		};
		D7E827A32B65A02F007AF876 /* Controller */ = {
			isa = PBXGroup;
			children = (
				D7E827A52B65A351007AF876 /* MainTabBarController.swift */,
				D7E827A72B65A528007AF876 /* FavoriteViewController.swift */,
				D7E827AB2B65A541007AF876 /* DownloadsViewController.swift */,
				D7E827A92B65A535007AF876 /* SearchViewController.swift */,
				D7E827BF2B6ADBE3007AF876 /* EpisodeViewController.swift */,
				D7E827D12B6C31DC007AF876 /* PlayerViewController.swift */,
			);
			path = Controller;
			sourceTree = "<group>";
		};
		D7E827A42B65A04D007AF876 /*  Files */ = {
			isa = PBXGroup;
			children = (
				D7E8278E2B659FF1007AF876 /* AppDelegate.swift */,
				D7E827902B659FF1007AF876 /* SceneDelegate.swift */,
				D7E827992B659FF4007AF876 /* LaunchScreen.storyboard */,
				D7E8279C2B659FF4007AF876 /* Info.plist */,
				D7E827972B659FF4007AF876 /* Assets.xcassets */,
				D74BC4292B6EBDAF00440027 /* PodcastSwift.xcdatamodeld */,
			);
			name = " Files";
			sourceTree = "<group>";
		};
		D7E827B02B69607F007AF876 /* View */ = {
			isa = PBXGroup;
			children = (
				D7E827B12B696096007AF876 /* SearchCell.swift */,
				D7E827C12B6ADD2C007AF876 /* EpisodeCell.swift */,
				D74BC4272B6E914400440027 /* FavoriteCell.swift */,
			);
			path = View;
			sourceTree = "<group>";
		};
		D7E827B32B6967FD007AF876 /* Model */ = {
			isa = PBXGroup;
			children = (
				D7E827B42B696813007AF876 /* Search.swift */,
				D7E827CC2B6AF7F4007AF876 /* Episode.swift */,
			);
			path = Model;
			sourceTree = "<group>";
		};
		D7E827B62B6968AF007AF876 /* Service(Api) */ = {
			isa = PBXGroup;
			children = (
				D7E827B72B6968D2007AF876 /* SearchService.swift */,
				D7E827C72B6AE3C3007AF876 /* EpisodeService.swift */,
			);
			path = "Service(Api)";
			sourceTree = "<group>";
		};
		D7E827BC2B69861F007AF876 /* ViewModel */ = {
			isa = PBXGroup;
			children = (
				D7E827BD2B698633007AF876 /* SearchViewModel.swift */,
				D7E827CE2B6AFFCB007AF876 /* EpisodeViewModel.swift */,
				D74BC42E2B6EED2C00440027 /* FavoriteCellViewModel.swift */,
			);
			path = ViewModel;
			sourceTree = "<group>";
		};
		D7E827C92B6AEFCC007AF876 /* Helpers */ = {
			isa = PBXGroup;
			children = (
				D7E827CA2B6AEFF1007AF876 /* Extension.swift */,
				D74BC42C2B6EE26000440027 /* CoreData+Helpers.swift */,
				D74BC4302B73F80700440027 /* UserDefaults+Helpers.swift */,
			);
			path = Helpers;
			sourceTree = "<group>";
		};
/* End PBXGroup section */

/* Begin PBXNativeTarget section */
		D7E8278A2B659FF0007AF876 /* PodcastSwift */ = {
			isa = PBXNativeTarget;
			buildConfigurationList = D7E8279F2B659FF4007AF876 /* Build configuration list for PBXNativeTarget "PodcastSwift" */;
			buildPhases = (
				D7E827872B659FF0007AF876 /* Sources */,
				D7E827882B659FF0007AF876 /* Frameworks */,
				D7E827892B659FF0007AF876 /* Resources */,
			);
			buildRules = (
			);
			dependencies = (
			);
			name = PodcastSwift;
			packageProductDependencies = (
				D7E827AE2B692D86007AF876 /* Alamofire */,
				D7E827BA2B69741B007AF876 /* Kingfisher */,
				D7E827C42B6AE39B007AF876 /* FeedKit */,
			);
			productName = PodcastSwift;
			productReference = D7E8278B2B659FF1007AF876 /* PodcastSwift.app */;
			productType = "com.apple.product-type.application";
		};
/* End PBXNativeTarget section */

/* Begin PBXProject section */
		D7E827832B659FF0007AF876 /* Project object */ = {
			isa = PBXProject;
			attributes = {
				BuildIndependentTargetsInParallel = 1;
				LastSwiftUpdateCheck = 1420;
				LastUpgradeCheck = 1420;
				TargetAttributes = {
					D7E8278A2B659FF0007AF876 = {
						CreatedOnToolsVersion = 14.2;
					};
				};
			};
			buildConfigurationList = D7E827862B659FF0007AF876 /* Build configuration list for PBXProject "PodcastSwift" */;
			compatibilityVersion = "Xcode 14.0";
			developmentRegion = en;
			hasScannedForEncodings = 0;
			knownRegions = (
				en,
				Base,
			);
			mainGroup = D7E827822B659FF0007AF876;
			packageReferences = (
				D7E827AD2B692D86007AF876 /* XCRemoteSwiftPackageReference "Alamofire" */,
				D7E827B92B69741B007AF876 /* XCRemoteSwiftPackageReference "Kingfisher" */,
				D7E827C32B6AE39B007AF876 /* XCRemoteSwiftPackageReference "FeedKit" */,
			);
			productRefGroup = D7E8278C2B659FF1007AF876 /* Products */;
			projectDirPath = "";
			projectRoot = "";
			targets = (
				D7E8278A2B659FF0007AF876 /* PodcastSwift */,
			);
		};
/* End PBXProject section */

/* Begin PBXResourcesBuildPhase section */
		D7E827892B659FF0007AF876 /* Resources */ = {
			isa = PBXResourcesBuildPhase;
			buildActionMask = 2147483647;
			files = (
				D7E8279B2B659FF4007AF876 /* LaunchScreen.storyboard in Resources */,
				D7E827982B659FF4007AF876 /* Assets.xcassets in Resources */,
			);
			runOnlyForDeploymentPostprocessing = 0;
		};
/* End PBXResourcesBuildPhase section */

/* Begin PBXSourcesBuildPhase section */
		D7E827872B659FF0007AF876 /* Sources */ = {
			isa = PBXSourcesBuildPhase;
			buildActionMask = 2147483647;
			files = (
				D7E827B82B6968D2007AF876 /* SearchService.swift in Sources */,
				D7E827AA2B65A535007AF876 /* SearchViewController.swift in Sources */,
				D7E8278F2B659FF1007AF876 /* AppDelegate.swift in Sources */,
				D74BC42F2B6EED2C00440027 /* FavoriteCellViewModel.swift in Sources */,
				D7E827AC2B65A541007AF876 /* DownloadsViewController.swift in Sources */,
				D7E827B22B696096007AF876 /* SearchCell.swift in Sources */,
				D7E827C22B6ADD2C007AF876 /* EpisodeCell.swift in Sources */,
				D7E827CF2B6AFFCB007AF876 /* EpisodeViewModel.swift in Sources */,
				D7E827912B659FF1007AF876 /* SceneDelegate.swift in Sources */,
				D7E827BE2B698633007AF876 /* SearchViewModel.swift in Sources */,
				D7E827B52B696813007AF876 /* Search.swift in Sources */,
				D7E827CB2B6AEFF1007AF876 /* Extension.swift in Sources */,
				D7E827C02B6ADBE3007AF876 /* EpisodeViewController.swift in Sources */,
				D7E827A82B65A528007AF876 /* FavoriteViewController.swift in Sources */,
				D7E827A62B65A351007AF876 /* MainTabBarController.swift in Sources */,
				D74BC42D2B6EE26000440027 /* CoreData+Helpers.swift in Sources */,
				D74BC4312B73F80700440027 /* UserDefaults+Helpers.swift in Sources */,
				D7E827CD2B6AF7F4007AF876 /* Episode.swift in Sources */,
				D74BC4282B6E914400440027 /* FavoriteCell.swift in Sources */,
				D7E827C82B6AE3C3007AF876 /* EpisodeService.swift in Sources */,
				D74BC42B2B6EBDAF00440027 /* PodcastSwift.xcdatamodeld in Sources */,
				D7E827D22B6C31DC007AF876 /* PlayerViewController.swift in Sources */,
			);
			runOnlyForDeploymentPostprocessing = 0;
		};
/* End PBXSourcesBuildPhase section */

/* Begin PBXVariantGroup section */
		D7E827992B659FF4007AF876 /* LaunchScreen.storyboard */ = {
			isa = PBXVariantGroup;
			children = (
				D7E8279A2B659FF4007AF876 /* Base */,
			);
			name = LaunchScreen.storyboard;
			sourceTree = "<group>";
		};
/* End PBXVariantGroup section */

/* Begin XCBuildConfiguration section */
		D7E8279D2B659FF4007AF876 /* Debug */ = {
			isa = XCBuildConfiguration;
			buildSettings = {
				ALWAYS_SEARCH_USER_PATHS = NO;
				CLANG_ANALYZER_NONNULL = YES;
				CLANG_ANALYZER_NUMBER_OBJECT_CONVERSION = YES_AGGRESSIVE;
				CLANG_CXX_LANGUAGE_STANDARD = "gnu++20";
				CLANG_ENABLE_MODULES = YES;
				CLANG_ENABLE_OBJC_ARC = YES;
				CLANG_ENABLE_OBJC_WEAK = YES;
				CLANG_WARN_BLOCK_CAPTURE_AUTORELEASING = YES;
				CLANG_WARN_BOOL_CONVERSION = YES;
				CLANG_WARN_COMMA = YES;
				CLANG_WARN_CONSTANT_CONVERSION = YES;
				CLANG_WARN_DEPRECATED_OBJC_IMPLEMENTATIONS = YES;
				CLANG_WARN_DIRECT_OBJC_ISA_USAGE = YES_ERROR;
				CLANG_WARN_DOCUMENTATION_COMMENTS = YES;
				CLANG_WARN_EMPTY_BODY = YES;
				CLANG_WARN_ENUM_CONVERSION = YES;
				CLANG_WARN_INFINITE_RECURSION = YES;
				CLANG_WARN_INT_CONVERSION = YES;
				CLANG_WARN_NON_LITERAL_NULL_CONVERSION = YES;
				CLANG_WARN_OBJC_IMPLICIT_RETAIN_SELF = YES;
				CLANG_WARN_OBJC_LITERAL_CONVERSION = YES;
				CLANG_WARN_OBJC_ROOT_CLASS = YES_ERROR;
				CLANG_WARN_QUOTED_INCLUDE_IN_FRAMEWORK_HEADER = YES;
				CLANG_WARN_RANGE_LOOP_ANALYSIS = YES;
				CLANG_WARN_STRICT_PROTOTYPES = YES;
				CLANG_WARN_SUSPICIOUS_MOVE = YES;
				CLANG_WARN_UNGUARDED_AVAILABILITY = YES_AGGRESSIVE;
				CLANG_WARN_UNREACHABLE_CODE = YES;
				CLANG_WARN__DUPLICATE_METHOD_MATCH = YES;
				COPY_PHASE_STRIP = NO;
				DEBUG_INFORMATION_FORMAT = dwarf;
				ENABLE_STRICT_OBJC_MSGSEND = YES;
				ENABLE_TESTABILITY = YES;
				GCC_C_LANGUAGE_STANDARD = gnu11;
				GCC_DYNAMIC_NO_PIC = NO;
				GCC_NO_COMMON_BLOCKS = YES;
				GCC_OPTIMIZATION_LEVEL = 0;
				GCC_PREPROCESSOR_DEFINITIONS = (
					"DEBUG=1",
					"$(inherited)",
				);
				GCC_WARN_64_TO_32_BIT_CONVERSION = YES;
				GCC_WARN_ABOUT_RETURN_TYPE = YES_ERROR;
				GCC_WARN_UNDECLARED_SELECTOR = YES;
				GCC_WARN_UNINITIALIZED_AUTOS = YES_AGGRESSIVE;
				GCC_WARN_UNUSED_FUNCTION = YES;
				GCC_WARN_UNUSED_VARIABLE = YES;
				IPHONEOS_DEPLOYMENT_TARGET = 16.2;
				MTL_ENABLE_DEBUG_INFO = INCLUDE_SOURCE;
				MTL_FAST_MATH = YES;
				ONLY_ACTIVE_ARCH = YES;
				SDKROOT = iphoneos;
				SWIFT_ACTIVE_COMPILATION_CONDITIONS = DEBUG;
				SWIFT_OPTIMIZATION_LEVEL = "-Onone";
			};
			name = Debug;
		};
		D7E8279E2B659FF4007AF876 /* Release */ = {
			isa = XCBuildConfiguration;
			buildSettings = {
				ALWAYS_SEARCH_USER_PATHS = NO;
				CLANG_ANALYZER_NONNULL = YES;
				CLANG_ANALYZER_NUMBER_OBJECT_CONVERSION = YES_AGGRESSIVE;
				CLANG_CXX_LANGUAGE_STANDARD = "gnu++20";
				CLANG_ENABLE_MODULES = YES;
				CLANG_ENABLE_OBJC_ARC = YES;
				CLANG_ENABLE_OBJC_WEAK = YES;
				CLANG_WARN_BLOCK_CAPTURE_AUTORELEASING = YES;
				CLANG_WARN_BOOL_CONVERSION = YES;
				CLANG_WARN_COMMA = YES;
				CLANG_WARN_CONSTANT_CONVERSION = YES;
				CLANG_WARN_DEPRECATED_OBJC_IMPLEMENTATIONS = YES;
				CLANG_WARN_DIRECT_OBJC_ISA_USAGE = YES_ERROR;
				CLANG_WARN_DOCUMENTATION_COMMENTS = YES;
				CLANG_WARN_EMPTY_BODY = YES;
				CLANG_WARN_ENUM_CONVERSION = YES;
				CLANG_WARN_INFINITE_RECURSION = YES;
				CLANG_WARN_INT_CONVERSION = YES;
				CLANG_WARN_NON_LITERAL_NULL_CONVERSION = YES;
				CLANG_WARN_OBJC_IMPLICIT_RETAIN_SELF = YES;
				CLANG_WARN_OBJC_LITERAL_CONVERSION = YES;
				CLANG_WARN_OBJC_ROOT_CLASS = YES_ERROR;
				CLANG_WARN_QUOTED_INCLUDE_IN_FRAMEWORK_HEADER = YES;
				CLANG_WARN_RANGE_LOOP_ANALYSIS = YES;
				CLANG_WARN_STRICT_PROTOTYPES = YES;
				CLANG_WARN_SUSPICIOUS_MOVE = YES;
				CLANG_WARN_UNGUARDED_AVAILABILITY = YES_AGGRESSIVE;
				CLANG_WARN_UNREACHABLE_CODE = YES;
				CLANG_WARN__DUPLICATE_METHOD_MATCH = YES;
				COPY_PHASE_STRIP = NO;
				DEBUG_INFORMATION_FORMAT = "dwarf-with-dsym";
				ENABLE_NS_ASSERTIONS = NO;
				ENABLE_STRICT_OBJC_MSGSEND = YES;
				GCC_C_LANGUAGE_STANDARD = gnu11;
				GCC_NO_COMMON_BLOCKS = YES;
				GCC_WARN_64_TO_32_BIT_CONVERSION = YES;
				GCC_WARN_ABOUT_RETURN_TYPE = YES_ERROR;
				GCC_WARN_UNDECLARED_SELECTOR = YES;
				GCC_WARN_UNINITIALIZED_AUTOS = YES_AGGRESSIVE;
				GCC_WARN_UNUSED_FUNCTION = YES;
				GCC_WARN_UNUSED_VARIABLE = YES;
				IPHONEOS_DEPLOYMENT_TARGET = 16.2;
				MTL_ENABLE_DEBUG_INFO = NO;
				MTL_FAST_MATH = YES;
				SDKROOT = iphoneos;
				SWIFT_COMPILATION_MODE = wholemodule;
				SWIFT_OPTIMIZATION_LEVEL = "-O";
				VALIDATE_PRODUCT = YES;
			};
			name = Release;
		};
		D7E827A02B659FF4007AF876 /* Debug */ = {
			isa = XCBuildConfiguration;
			buildSettings = {
				ASSETCATALOG_COMPILER_APPICON_NAME = AppIcon;
				ASSETCATALOG_COMPILER_GLOBAL_ACCENT_COLOR_NAME = AccentColor;
				CODE_SIGN_STYLE = Automatic;
				CURRENT_PROJECT_VERSION = 1;
				DEVELOPMENT_TEAM = 49CUMHZT5K;
				GENERATE_INFOPLIST_FILE = YES;
				INFOPLIST_FILE = PodcastSwift/Info.plist;
				INFOPLIST_KEY_UIApplicationSupportsIndirectInputEvents = YES;
				INFOPLIST_KEY_UILaunchStoryboardName = LaunchScreen;
				INFOPLIST_KEY_UIMainStoryboardFile = "";
				INFOPLIST_KEY_UISupportedInterfaceOrientations_iPad = "UIInterfaceOrientationPortrait UIInterfaceOrientationPortraitUpsideDown UIInterfaceOrientationLandscapeLeft UIInterfaceOrientationLandscapeRight";
				INFOPLIST_KEY_UISupportedInterfaceOrientations_iPhone = "UIInterfaceOrientationPortrait UIInterfaceOrientationLandscapeLeft UIInterfaceOrientationLandscapeRight";
				LD_RUNPATH_SEARCH_PATHS = (
					"$(inherited)",
					"@executable_path/Frameworks",
				);
				MARKETING_VERSION = 1.0;
				PRODUCT_BUNDLE_IDENTIFIER = com.melihsiskular.PodcastSwift;
				PRODUCT_NAME = "$(TARGET_NAME)";
				SWIFT_EMIT_LOC_STRINGS = YES;
				SWIFT_VERSION = 5.0;
				TARGETED_DEVICE_FAMILY = "1,2";
			};
			name = Debug;
		};
		D7E827A12B659FF4007AF876 /* Release */ = {
			isa = XCBuildConfiguration;
			buildSettings = {
				ASSETCATALOG_COMPILER_APPICON_NAME = AppIcon;
				ASSETCATALOG_COMPILER_GLOBAL_ACCENT_COLOR_NAME = AccentColor;
				CODE_SIGN_STYLE = Automatic;
				CURRENT_PROJECT_VERSION = 1;
				DEVELOPMENT_TEAM = 49CUMHZT5K;
				GENERATE_INFOPLIST_FILE = YES;
				INFOPLIST_FILE = PodcastSwift/Info.plist;
				INFOPLIST_KEY_UIApplicationSupportsIndirectInputEvents = YES;
				INFOPLIST_KEY_UILaunchStoryboardName = LaunchScreen;
				INFOPLIST_KEY_UIMainStoryboardFile = "";
				INFOPLIST_KEY_UISupportedInterfaceOrientations_iPad = "UIInterfaceOrientationPortrait UIInterfaceOrientationPortraitUpsideDown UIInterfaceOrientationLandscapeLeft UIInterfaceOrientationLandscapeRight";
				INFOPLIST_KEY_UISupportedInterfaceOrientations_iPhone = "UIInterfaceOrientationPortrait UIInterfaceOrientationLandscapeLeft UIInterfaceOrientationLandscapeRight";
				LD_RUNPATH_SEARCH_PATHS = (
					"$(inherited)",
					"@executable_path/Frameworks",
				);
				MARKETING_VERSION = 1.0;
				PRODUCT_BUNDLE_IDENTIFIER = com.melihsiskular.PodcastSwift;
				PRODUCT_NAME = "$(TARGET_NAME)";
				SWIFT_EMIT_LOC_STRINGS = YES;
				SWIFT_VERSION = 5.0;
				TARGETED_DEVICE_FAMILY = "1,2";
			};
			name = Release;
		};
/* End XCBuildConfiguration section */

/* Begin XCConfigurationList section */
		D7E827862B659FF0007AF876 /* Build configuration list for PBXProject "PodcastSwift" */ = {
			isa = XCConfigurationList;
			buildConfigurations = (
				D7E8279D2B659FF4007AF876 /* Debug */,
				D7E8279E2B659FF4007AF876 /* Release */,
			);
			defaultConfigurationIsVisible = 0;
			defaultConfigurationName = Release;
		};
		D7E8279F2B659FF4007AF876 /* Build configuration list for PBXNativeTarget "PodcastSwift" */ = {
			isa = XCConfigurationList;
			buildConfigurations = (
				D7E827A02B659FF4007AF876 /* Debug */,
				D7E827A12B659FF4007AF876 /* Release */,
			);
			defaultConfigurationIsVisible = 0;
			defaultConfigurationName = Release;
		};
/* End XCConfigurationList section */

/* Begin XCRemoteSwiftPackageReference section */
		D7E827AD2B692D86007AF876 /* XCRemoteSwiftPackageReference "Alamofire" */ = {
			isa = XCRemoteSwiftPackageReference;
			repositoryURL = "https://github.com/Alamofire/Alamofire.git";
			requirement = {
				kind = upToNextMajorVersion;
				minimumVersion = 5.0.0;
			};
		};
		D7E827B92B69741B007AF876 /* XCRemoteSwiftPackageReference "Kingfisher" */ = {
			isa = XCRemoteSwiftPackageReference;
			repositoryURL = "https://github.com/onevcat/Kingfisher.git";
			requirement = {
				kind = upToNextMajorVersion;
				minimumVersion = 7.0.0;
			};
		};
		D7E827C32B6AE39B007AF876 /* XCRemoteSwiftPackageReference "FeedKit" */ = {
			isa = XCRemoteSwiftPackageReference;
			repositoryURL = "https://github.com/nmdias/FeedKit.git";
			requirement = {
				kind = upToNextMajorVersion;
				minimumVersion = 9.0.0;
			};
		};
/* End XCRemoteSwiftPackageReference section */

/* Begin XCSwiftPackageProductDependency section */
		D7E827AE2B692D86007AF876 /* Alamofire */ = {
			isa = XCSwiftPackageProductDependency;
			package = D7E827AD2B692D86007AF876 /* XCRemoteSwiftPackageReference "Alamofire" */;
			productName = Alamofire;
		};
		D7E827BA2B69741B007AF876 /* Kingfisher */ = {
			isa = XCSwiftPackageProductDependency;
			package = D7E827B92B69741B007AF876 /* XCRemoteSwiftPackageReference "Kingfisher" */;
			productName = Kingfisher;
		};
		D7E827C42B6AE39B007AF876 /* FeedKit */ = {
			isa = XCSwiftPackageProductDependency;
			package = D7E827C32B6AE39B007AF876 /* XCRemoteSwiftPackageReference "FeedKit" */;
			productName = FeedKit;
		};
/* End XCSwiftPackageProductDependency section */

/* Begin XCVersionGroup section */
		D74BC4292B6EBDAF00440027 /* PodcastSwift.xcdatamodeld */ = {
			isa = XCVersionGroup;
			children = (
				D74BC42A2B6EBDAF00440027 /* PodcastSwift.xcdatamodel */,
			);
			currentVersion = D74BC42A2B6EBDAF00440027 /* PodcastSwift.xcdatamodel */;
			path = PodcastSwift.xcdatamodeld;
			sourceTree = "<group>";
			versionGroupType = wrapper.xcdatamodel;
		};
/* End XCVersionGroup section */
	};
	rootObject = D7E827832B659FF0007AF876 /* Project object */;
}
